
Microsoft Visual Studio Solution File, Format Version 11.00
# Visual Studio 2010
Project("{FAE04EC0-301F-11D3-BF4B-00C04F79EFBC}") = "Fallout3VE", "Fallout3VE\Fallout3VE.csproj", "{15A47825-8BEE-4F87-8ACD-1FF01AA4439B}"
EndProject
Global
	GlobalSection(SolutionConfigurationPlatforms) = preSolution
		Debug|Any CPU = Debug|Any CPU
		Release|Any CPU = Release|Any CPU
	EndGlobalSection
	GlobalSection(ProjectConfigurationPlatforms) = postSolution
		{15A47825-8BEE-4F87-8ACD-1FF01AA4439B}.Debug|Any CPU.ActiveCfg = Debug|Any CPU
		{15A47825-8BEE-4F87-8ACD-1FF01AA4439B}.Debug|Any CPU.Build.0 = Debug|Any CPU
		{15A47825-8BEE-4F87-8ACD-1FF01AA4439B}.Release|Any CPU.ActiveCfg = Release|Any CPU
		{15A47825-8BEE-4F87-8ACD-1FF01AA4439B}.Release|Any CPU.Build.0 = Release|Any CPU
	EndGlobalSection
	GlobalSection(SolutionProperties) = preSolution
		HideSolutionNode = FALSE
	EndGlobalSection
EndGlobal
